// !$*UTF8*$!
{
	archiveVersion = 1;
	classes = {
	};
	objectVersion = 56;
	objects = {

/* Begin PBXBuildFile section */
		74B118202A778A7700C31CBF /* iOS_JourneyApp.swift in Sources */ = {isa = PBXBuildFile; fileRef = 74B1181F2A778A7700C31CBF /* iOS_JourneyApp.swift */; };
		74B118222A778A7800C31CBF /* PortfolioView.swift in Sources */ = {isa = PBXBuildFile; fileRef = 74B118212A778A7800C31CBF /* PortfolioView.swift */; };
		74B118242A778A7800C31CBF /* Assets.xcassets in Resources */ = {isa = PBXBuildFile; fileRef = 74B118232A778A7800C31CBF /* Assets.xcassets */; };
		74B118272A778A7800C31CBF /* Preview Assets.xcassets in Resources */ = {isa = PBXBuildFile; fileRef = 74B118262A778A7800C31CBF /* Preview Assets.xcassets */; };
		74B118342A779D3400C31CBF /* Portfolio.swift in Sources */ = {isa = PBXBuildFile; fileRef = 74B118332A779D3400C31CBF /* Portfolio.swift */; };
		74B118362A779E3100C31CBF /* AppModel.swift in Sources */ = {isa = PBXBuildFile; fileRef = 74B118352A779E3100C31CBF /* AppModel.swift */; };
		74B118392A77DDB600C31CBF /* HeaderView.swift in Sources */ = {isa = PBXBuildFile; fileRef = 74B118382A77DDB600C31CBF /* HeaderView.swift */; };
/* End PBXBuildFile section */

/* Begin PBXFileReference section */
		74B1181C2A778A7700C31CBF /* iOS Journey.app */ = {isa = PBXFileReference; explicitFileType = wrapper.application; includeInIndex = 0; path = "iOS Journey.app"; sourceTree = BUILT_PRODUCTS_DIR; };
		74B1181F2A778A7700C31CBF /* iOS_JourneyApp.swift */ = {isa = PBXFileReference; lastKnownFileType = sourcecode.swift; path = iOS_JourneyApp.swift; sourceTree = "<group>"; };
		74B118212A778A7800C31CBF /* PortfolioView.swift */ = {isa = PBXFileReference; lastKnownFileType = sourcecode.swift; path = PortfolioView.swift; sourceTree = "<group>"; };
		74B118232A778A7800C31CBF /* Assets.xcassets */ = {isa = PBXFileReference; lastKnownFileType = folder.assetcatalog; path = Assets.xcassets; sourceTree = "<group>"; };
		74B118262A778A7800C31CBF /* Preview Assets.xcassets */ = {isa = PBXFileReference; lastKnownFileType = folder.assetcatalog; path = "Preview Assets.xcassets"; sourceTree = "<group>"; };
		74B118332A779D3400C31CBF /* Portfolio.swift */ = {isa = PBXFileReference; lastKnownFileType = sourcecode.swift; path = Portfolio.swift; sourceTree = "<group>"; };
		74B118352A779E3100C31CBF /* AppModel.swift */ = {isa = PBXFileReference; lastKnownFileType = sourcecode.swift; path = AppModel.swift; sourceTree = "<group>"; };
		74B118382A77DDB600C31CBF /* HeaderView.swift */ = {isa = PBXFileReference; lastKnownFileType = sourcecode.swift; path = HeaderView.swift; sourceTree = "<group>"; };
/* End PBXFileReference section */

/* Begin PBXFrameworksBuildPhase section */
		74B118192A778A7700C31CBF /* Frameworks */ = {
			isa = PBXFrameworksBuildPhase;
			buildActionMask = 2147483647;
			files = (
			);
			runOnlyForDeploymentPostprocessing = 0;
		};
/* End PBXFrameworksBuildPhase section */

/* Begin PBXGroup section */
		74B118132A778A7700C31CBF = {
			isa = PBXGroup;
			children = (
				74B1181E2A778A7700C31CBF /* iOS Journey */,
				74B1181D2A778A7700C31CBF /* Products */,
			);
			sourceTree = "<group>";
		};
		74B1181D2A778A7700C31CBF /* Products */ = {
			isa = PBXGroup;
			children = (
				74B1181C2A778A7700C31CBF /* iOS Journey.app */,
			);
			name = Products;
			sourceTree = "<group>";
		};
		74B1181E2A778A7700C31CBF /* iOS Journey */ = {
			isa = PBXGroup;
			children = (
				74B1182E2A778BBD00C31CBF /* Code */,
				74B1182D2A778B3400C31CBF /* Resourses */,
			);
			path = "iOS Journey";
			sourceTree = "<group>";
		};
		74B118252A778A7800C31CBF /* Preview Content */ = {
			isa = PBXGroup;
			children = (
				74B118262A778A7800C31CBF /* Preview Assets.xcassets */,
			);
			path = "Preview Content";
			sourceTree = "<group>";
		};
		74B1182D2A778B3400C31CBF /* Resourses */ = {
			isa = PBXGroup;
			children = (
				74B118232A778A7800C31CBF /* Assets.xcassets */,
				74B118252A778A7800C31CBF /* Preview Content */,
			);
			path = Resourses;
			sourceTree = "<group>";
		};
		74B1182E2A778BBD00C31CBF /* Code */ = {
			isa = PBXGroup;
			children = (
				74B118302A778BD100C31CBF /* Models */,
				74B118312A778BD900C31CBF /* Views */,
				74B1182F2A778BC700C31CBF /* Controllers */,
				74B118322A778BE100C31CBF /* Services */,
			);
			path = Code;
			sourceTree = "<group>";
		};
		74B1182F2A778BC700C31CBF /* Controllers */ = {
			isa = PBXGroup;
			children = (
				74B1181F2A778A7700C31CBF /* iOS_JourneyApp.swift */,
			);
			path = Controllers;
			sourceTree = "<group>";
		};
		74B118302A778BD100C31CBF /* Models */ = {
			isa = PBXGroup;
			children = (
				74B118332A779D3400C31CBF /* Portfolio.swift */,
			);
			path = Models;
			sourceTree = "<group>";
		};
		74B118312A778BD900C31CBF /* Views */ = {
			isa = PBXGroup;
			children = (
				74B118372A77DD9100C31CBF /* Support Views */,
				74B118212A778A7800C31CBF /* PortfolioView.swift */,
			);
			path = Views;
			sourceTree = "<group>";
		};
		74B118322A778BE100C31CBF /* Services */ = {
			isa = PBXGroup;
			children = (
				74B118352A779E3100C31CBF /* AppModel.swift */,
			);
			path = Services;
			sourceTree = "<group>";
		};
		74B118372A77DD9100C31CBF /* Support Views */ = {
			isa = PBXGroup;
			children = (
				74B118382A77DDB600C31CBF /* HeaderView.swift */,
			);
			path = "Support Views";
			sourceTree = "<group>";
		};
/* End PBXGroup section */

/* Begin PBXNativeTarget section */
		74B1181B2A778A7700C31CBF /* iOS Journey */ = {
			isa = PBXNativeTarget;
			buildConfigurationList = 74B1182A2A778A7800C31CBF /* Build configuration list for PBXNativeTarget "iOS Journey" */;
			buildPhases = (
				74B118182A778A7700C31CBF /* Sources */,
				74B118192A778A7700C31CBF /* Frameworks */,
				74B1181A2A778A7700C31CBF /* Resources */,
			);
			buildRules = (
			);
			dependencies = (
			);
			name = "iOS Journey";
			productName = "iOS Journey";
			productReference = 74B1181C2A778A7700C31CBF /* iOS Journey.app */;
			productType = "com.apple.product-type.application";
		};
/* End PBXNativeTarget section */

/* Begin PBXProject section */
		74B118142A778A7700C31CBF /* Project object */ = {
			isa = PBXProject;
			attributes = {
				BuildIndependentTargetsInParallel = 1;
				LastSwiftUpdateCheck = 1430;
				LastUpgradeCheck = 1430;
				TargetAttributes = {
					74B1181B2A778A7700C31CBF = {
						CreatedOnToolsVersion = 14.3.1;
					};
				};
			};
			buildConfigurationList = 74B118172A778A7700C31CBF /* Build configuration list for PBXProject "iOS Journey" */;
			compatibilityVersion = "Xcode 14.0";
			developmentRegion = en;
			hasScannedForEncodings = 0;
			knownRegions = (
				en,
				Base,
			);
			mainGroup = 74B118132A778A7700C31CBF;
			productRefGroup = 74B1181D2A778A7700C31CBF /* Products */;
			projectDirPath = "";
			projectRoot = "";
			targets = (
				74B1181B2A778A7700C31CBF /* iOS Journey */,
			);
		};
/* End PBXProject section */

/* Begin PBXResourcesBuildPhase section */
		74B1181A2A778A7700C31CBF /* Resources */ = {
			isa = PBXResourcesBuildPhase;
			buildActionMask = 2147483647;
			files = (
				74B118272A778A7800C31CBF /* Preview Assets.xcassets in Resources */,
				74B118242A778A7800C31CBF /* Assets.xcassets in Resources */,
			);
			runOnlyForDeploymentPostprocessing = 0;
		};
/* End PBXResourcesBuildPhase section */

/* Begin PBXSourcesBuildPhase section */
		74B118182A778A7700C31CBF /* Sources */ = {
			isa = PBXSourcesBuildPhase;
			buildActionMask = 2147483647;
			files = (
				74B118392A77DDB600C31CBF /* HeaderView.swift in Sources */,
				74B118342A779D3400C31CBF /* Portfolio.swift in Sources */,
				74B118222A778A7800C31CBF /* PortfolioView.swift in Sources */,
				74B118202A778A7700C31CBF /* iOS_JourneyApp.swift in Sources */,
				74B118362A779E3100C31CBF /* AppModel.swift in Sources */,
			);
			runOnlyForDeploymentPostprocessing = 0;
		};
/* End PBXSourcesBuildPhase section */

/* Begin XCBuildConfiguration section */
		74B118282A778A7800C31CBF /* Debug */ = {
			isa = XCBuildConfiguration;
			buildSettings = {
				ALWAYS_SEARCH_USER_PATHS = NO;
				CLANG_ANALYZER_NONNULL = YES;
				CLANG_ANALYZER_NUMBER_OBJECT_CONVERSION = YES_AGGRESSIVE;
				CLANG_CXX_LANGUAGE_STANDARD = "gnu++20";
				CLANG_ENABLE_MODULES = YES;
				CLANG_ENABLE_OBJC_ARC = YES;
				CLANG_ENABLE_OBJC_WEAK = YES;
				CLANG_WARN_BLOCK_CAPTURE_AUTORELEASING = YES;
				CLANG_WARN_BOOL_CONVERSION = YES;
				CLANG_WARN_COMMA = YES;
				CLANG_WARN_CONSTANT_CONVERSION = YES;
				CLANG_WARN_DEPRECATED_OBJC_IMPLEMENTATIONS = YES;
				CLANG_WARN_DIRECT_OBJC_ISA_USAGE = YES_ERROR;
				CLANG_WARN_DOCUMENTATION_COMMENTS = YES;
				CLANG_WARN_EMPTY_BODY = YES;
				CLANG_WARN_ENUM_CONVERSION = YES;
				CLANG_WARN_INFINITE_RECURSION = YES;
				CLANG_WARN_INT_CONVERSION = YES;
				CLANG_WARN_NON_LITERAL_NULL_CONVERSION = YES;
				CLANG_WARN_OBJC_IMPLICIT_RETAIN_SELF = YES;
				CLANG_WARN_OBJC_LITERAL_CONVERSION = YES;
				CLANG_WARN_OBJC_ROOT_CLASS = YES_ERROR;
				CLANG_WARN_QUOTED_INCLUDE_IN_FRAMEWORK_HEADER = YES;
				CLANG_WARN_RANGE_LOOP_ANALYSIS = YES;
				CLANG_WARN_STRICT_PROTOTYPES = YES;
				CLANG_WARN_SUSPICIOUS_MOVE = YES;
				CLANG_WARN_UNGUARDED_AVAILABILITY = YES_AGGRESSIVE;
				CLANG_WARN_UNREACHABLE_CODE = YES;
				CLANG_WARN__DUPLICATE_METHOD_MATCH = YES;
				COPY_PHASE_STRIP = NO;
				DEBUG_INFORMATION_FORMAT = dwarf;
				ENABLE_STRICT_OBJC_MSGSEND = YES;
				ENABLE_TESTABILITY = YES;
				GCC_C_LANGUAGE_STANDARD = gnu11;
				GCC_DYNAMIC_NO_PIC = NO;
				GCC_NO_COMMON_BLOCKS = YES;
				GCC_OPTIMIZATION_LEVEL = 0;
				GCC_PREPROCESSOR_DEFINITIONS = (
					"DEBUG=1",
					"$(inherited)",
				);
				GCC_WARN_64_TO_32_BIT_CONVERSION = YES;
				GCC_WARN_ABOUT_RETURN_TYPE = YES_ERROR;
				GCC_WARN_UNDECLARED_SELECTOR = YES;
				GCC_WARN_UNINITIALIZED_AUTOS = YES_AGGRESSIVE;
				GCC_WARN_UNUSED_FUNCTION = YES;
				GCC_WARN_UNUSED_VARIABLE = YES;
				IPHONEOS_DEPLOYMENT_TARGET = 16.4;
				MTL_ENABLE_DEBUG_INFO = INCLUDE_SOURCE;
				MTL_FAST_MATH = YES;
				ONLY_ACTIVE_ARCH = YES;
				SDKROOT = iphoneos;
				SWIFT_ACTIVE_COMPILATION_CONDITIONS = DEBUG;
				SWIFT_OPTIMIZATION_LEVEL = "-Onone";
			};
			name = Debug;
		};
		74B118292A778A7800C31CBF /* Release */ = {
			isa = XCBuildConfiguration;
			buildSettings = {
				ALWAYS_SEARCH_USER_PATHS = NO;
				CLANG_ANALYZER_NONNULL = YES;
				CLANG_ANALYZER_NUMBER_OBJECT_CONVERSION = YES_AGGRESSIVE;
				CLANG_CXX_LANGUAGE_STANDARD = "gnu++20";
				CLANG_ENABLE_MODULES = YES;
				CLANG_ENABLE_OBJC_ARC = YES;
				CLANG_ENABLE_OBJC_WEAK = YES;
				CLANG_WARN_BLOCK_CAPTURE_AUTORELEASING = YES;
				CLANG_WARN_BOOL_CONVERSION = YES;
				CLANG_WARN_COMMA = YES;
				CLANG_WARN_CONSTANT_CONVERSION = YES;
				CLANG_WARN_DEPRECATED_OBJC_IMPLEMENTATIONS = YES;
				CLANG_WARN_DIRECT_OBJC_ISA_USAGE = YES_ERROR;
				CLANG_WARN_DOCUMENTATION_COMMENTS = YES;
				CLANG_WARN_EMPTY_BODY = YES;
				CLANG_WARN_ENUM_CONVERSION = YES;
				CLANG_WARN_INFINITE_RECURSION = YES;
				CLANG_WARN_INT_CONVERSION = YES;
				CLANG_WARN_NON_LITERAL_NULL_CONVERSION = YES;
				CLANG_WARN_OBJC_IMPLICIT_RETAIN_SELF = YES;
				CLANG_WARN_OBJC_LITERAL_CONVERSION = YES;
				CLANG_WARN_OBJC_ROOT_CLASS = YES_ERROR;
				CLANG_WARN_QUOTED_INCLUDE_IN_FRAMEWORK_HEADER = YES;
				CLANG_WARN_RANGE_LOOP_ANALYSIS = YES;
				CLANG_WARN_STRICT_PROTOTYPES = YES;
				CLANG_WARN_SUSPICIOUS_MOVE = YES;
				CLANG_WARN_UNGUARDED_AVAILABILITY = YES_AGGRESSIVE;
				CLANG_WARN_UNREACHABLE_CODE = YES;
				CLANG_WARN__DUPLICATE_METHOD_MATCH = YES;
				COPY_PHASE_STRIP = NO;
				DEBUG_INFORMATION_FORMAT = "dwarf-with-dsym";
				ENABLE_NS_ASSERTIONS = NO;
				ENABLE_STRICT_OBJC_MSGSEND = YES;
				GCC_C_LANGUAGE_STANDARD = gnu11;
				GCC_NO_COMMON_BLOCKS = YES;
				GCC_WARN_64_TO_32_BIT_CONVERSION = YES;
				GCC_WARN_ABOUT_RETURN_TYPE = YES_ERROR;
				GCC_WARN_UNDECLARED_SELECTOR = YES;
				GCC_WARN_UNINITIALIZED_AUTOS = YES_AGGRESSIVE;
				GCC_WARN_UNUSED_FUNCTION = YES;
				GCC_WARN_UNUSED_VARIABLE = YES;
				IPHONEOS_DEPLOYMENT_TARGET = 16.4;
				MTL_ENABLE_DEBUG_INFO = NO;
				MTL_FAST_MATH = YES;
				SDKROOT = iphoneos;
				SWIFT_COMPILATION_MODE = wholemodule;
				SWIFT_OPTIMIZATION_LEVEL = "-O";
				VALIDATE_PRODUCT = YES;
			};
			name = Release;
		};
		74B1182B2A778A7800C31CBF /* Debug */ = {
			isa = XCBuildConfiguration;
			buildSettings = {
				ASSETCATALOG_COMPILER_APPICON_NAME = AppIcon;
				ASSETCATALOG_COMPILER_GLOBAL_ACCENT_COLOR_NAME = AccentColor;
				CODE_SIGN_STYLE = Automatic;
				CURRENT_PROJECT_VERSION = 1;
				DEVELOPMENT_ASSET_PATHS = "\"iOS Journey/Resourses/Preview Content\"";
				DEVELOPMENT_TEAM = 7HMM775WP5;
				ENABLE_PREVIEWS = YES;
				GENERATE_INFOPLIST_FILE = YES;
				INFOPLIST_KEY_UIApplicationSceneManifest_Generation = YES;
				INFOPLIST_KEY_UIApplicationSupportsIndirectInputEvents = YES;
				INFOPLIST_KEY_UILaunchScreen_Generation = YES;
				INFOPLIST_KEY_UISupportedInterfaceOrientations_iPad = "UIInterfaceOrientationPortrait UIInterfaceOrientationPortraitUpsideDown UIInterfaceOrientationLandscapeLeft UIInterfaceOrientationLandscapeRight";
				INFOPLIST_KEY_UISupportedInterfaceOrientations_iPhone = "UIInterfaceOrientationPortrait UIInterfaceOrientationLandscapeLeft UIInterfaceOrientationLandscapeRight";
				LD_RUNPATH_SEARCH_PATHS = (
					"$(inherited)",
					"@executable_path/Frameworks",
				);
				MARKETING_VERSION = 1.0;
				PRODUCT_BUNDLE_IDENTIFIER = "NS.iOS-Journey";
				PRODUCT_NAME = "$(TARGET_NAME)";
				SWIFT_EMIT_LOC_STRINGS = YES;
				SWIFT_VERSION = 5.0;
				TARGETED_DEVICE_FAMILY = "1,2";
			};
			name = Debug;
		};
		74B1182C2A778A7800C31CBF /* Release */ = {
			isa = XCBuildConfiguration;
			buildSettings = {
				ASSETCATALOG_COMPILER_APPICON_NAME = AppIcon;
				ASSETCATALOG_COMPILER_GLOBAL_ACCENT_COLOR_NAME = AccentColor;
				CODE_SIGN_STYLE = Automatic;
				CURRENT_PROJECT_VERSION = 1;
				DEVELOPMENT_ASSET_PATHS = "\"iOS Journey/Resourses/Preview Content\"";
				DEVELOPMENT_TEAM = 7HMM775WP5;
				ENABLE_PREVIEWS = YES;
				GENERATE_INFOPLIST_FILE = YES;
				INFOPLIST_KEY_UIApplicationSceneManifest_Generation = YES;
				INFOPLIST_KEY_UIApplicationSupportsIndirectInputEvents = YES;
				INFOPLIST_KEY_UILaunchScreen_Generation = YES;
				INFOPLIST_KEY_UISupportedInterfaceOrientations_iPad = "UIInterfaceOrientationPortrait UIInterfaceOrientationPortraitUpsideDown UIInterfaceOrientationLandscapeLeft UIInterfaceOrientationLandscapeRight";
				INFOPLIST_KEY_UISupportedInterfaceOrientations_iPhone = "UIInterfaceOrientationPortrait UIInterfaceOrientationLandscapeLeft UIInterfaceOrientationLandscapeRight";
				LD_RUNPATH_SEARCH_PATHS = (
					"$(inherited)",
					"@executable_path/Frameworks",
				);
				MARKETING_VERSION = 1.0;
				PRODUCT_BUNDLE_IDENTIFIER = "NS.iOS-Journey";
				PRODUCT_NAME = "$(TARGET_NAME)";
				SWIFT_EMIT_LOC_STRINGS = YES;
				SWIFT_VERSION = 5.0;
				TARGETED_DEVICE_FAMILY = "1,2";
			};
			name = Release;
		};
/* End XCBuildConfiguration section */

/* Begin XCConfigurationList section */
		74B118172A778A7700C31CBF /* Build configuration list for PBXProject "iOS Journey" */ = {
			isa = XCConfigurationList;
			buildConfigurations = (
				74B118282A778A7800C31CBF /* Debug */,
				74B118292A778A7800C31CBF /* Release */,
			);
			defaultConfigurationIsVisible = 0;
			defaultConfigurationName = Release;
		};
		74B1182A2A778A7800C31CBF /* Build configuration list for PBXNativeTarget "iOS Journey" */ = {
			isa = XCConfigurationList;
			buildConfigurations = (
				74B1182B2A778A7800C31CBF /* Debug */,
				74B1182C2A778A7800C31CBF /* Release */,
			);
			defaultConfigurationIsVisible = 0;
			defaultConfigurationName = Release;
		};
/* End XCConfigurationList section */
	};
	rootObject = 74B118142A778A7700C31CBF /* Project object */;
}
